
Microsoft Visual Studio Solution File, Format Version 12.00
# Visual Studio Version 17
VisualStudioVersion = 17.9.34607.119
MinimumVisualStudioVersion = 10.0.40219.1
Project("{FAE04EC0-301F-11D3-BF4B-00C04F79EFBC}") = "Laboratorio 07-08", "Laboratorio 07-08\Laboratorio 07-08.csproj", "{AEF9DCB4-1146-4996-961C-A138476A5744}"
EndProject
Global
	GlobalSection(SolutionConfigurationPlatforms) = preSolution
		Debug|Any CPU = Debug|Any CPU
		Release|Any CPU = Release|Any CPU
	EndGlobalSection
	GlobalSection(ProjectConfigurationPlatforms) = postSolution
		{AEF9DCB4-1146-4996-961C-A138476A5744}.Debug|Any CPU.ActiveCfg = Debug|Any CPU
		{AEF9DCB4-1146-4996-961C-A138476A5744}.Debug|Any CPU.Build.0 = Debug|Any CPU
		{AEF9DCB4-1146-4996-961C-A138476A5744}.Release|Any CPU.ActiveCfg = Release|Any CPU
		{AEF9DCB4-1146-4996-961C-A138476A5744}.Release|Any CPU.Build.0 = Release|Any CPU
	EndGlobalSection
	GlobalSection(SolutionProperties) = preSolution
		HideSolutionNode = FALSE
	EndGlobalSection
	GlobalSection(ExtensibilityGlobals) = postSolution
		SolutionGuid = {8EE385A5-5D32-42E1-94EC-B79B9ABEDA51}
	EndGlobalSection
EndGlobal
